[root]
name = "rsvg_internals"
version = "0.0.1"
dependencies = [
 "bitflags 0.7.0 (registry+https://github.com/rust-lang/crates.io-index)",
 "cairo-rs 0.1.1 (git+https://github.com/gtk-rs/cairo.git)",
 "cairo-sys-rs 0.3.2 (git+https://github.com/gtk-rs/cairo.git)",
 "downcast-rs 1.0.0 (git+https://github.com/marcianx/downcast-rs)",
 "glib 0.1.1 (git+https://github.com/gtk-rs/glib)",
 "libc 0.2.20 (registry+https://github.com/rust-lang/crates.io-index)",
 "nom 2.1.0 (git+https://github.com/federicomenaquintero/nom.git)",
]

[[package]]
name = "bitflags"
version = "0.4.0"
source = "registry+https://github.com/rust-lang/crates.io-index"

[[package]]
name = "bitflags"
version = "0.5.0"
source = "registry+https://github.com/rust-lang/crates.io-index"

[[package]]
name = "bitflags"
version = "0.7.0"
source = "registry+https://github.com/rust-lang/crates.io-index"

[[package]]
name = "c_vec"
version = "1.2.0"
source = "registry+https://github.com/rust-lang/crates.io-index"

[[package]]
name = "cairo-rs"
version = "0.1.1"
source = "git+https://github.com/gtk-rs/cairo.git#411ffb9c719fc686e948bf5f5ff3b0236a6456f3"
dependencies = [
 "c_vec 1.2.0 (registry+https://github.com/rust-lang/crates.io-index)",
 "cairo-sys-rs 0.3.2 (git+https://github.com/gtk-rs/cairo.git)",
 "glib 0.1.1 (git+https://github.com/gtk-rs/glib)",
 "libc 0.2.20 (registry+https://github.com/rust-lang/crates.io-index)",
 "winapi 0.2.8 (registry+https://github.com/rust-lang/crates.io-index)",
]

[[package]]
name = "cairo-sys-rs"
version = "0.3.2"
source = "git+https://github.com/gtk-rs/cairo.git#411ffb9c719fc686e948bf5f5ff3b0236a6456f3"
dependencies = [
 "libc 0.2.20 (registry+https://github.com/rust-lang/crates.io-index)",
 "pkg-config 0.3.9 (registry+https://github.com/rust-lang/crates.io-index)",
 "winapi 0.2.8 (registry+https://github.com/rust-lang/crates.io-index)",
]

[[package]]
name = "downcast-rs"
version = "1.0.0"
source = "git+https://github.com/marcianx/downcast-rs#5ace99daf704b91f2eeab366b67b78b368d51884"

[[package]]
name = "glib"
version = "0.1.1"
source = "git+https://github.com/gtk-rs/glib#91f2ceb47cdc2d3b209ce3b6c96e3de928223842"
dependencies = [
 "bitflags 0.5.0 (registry+https://github.com/rust-lang/crates.io-index)",
 "glib-sys 0.3.2 (git+https://github.com/gtk-rs/sys)",
 "gobject-sys 0.3.2 (git+https://github.com/gtk-rs/sys)",
 "libc 0.2.20 (registry+https://github.com/rust-lang/crates.io-index)",
]

[[package]]
name = "glib-sys"
version = "0.3.2"
source = "git+https://github.com/gtk-rs/sys#9e646efc356e3895576dad548c505ee9b37323a1"
dependencies = [
 "bitflags 0.4.0 (registry+https://github.com/rust-lang/crates.io-index)",
 "libc 0.2.20 (registry+https://github.com/rust-lang/crates.io-index)",
 "pkg-config 0.3.9 (registry+https://github.com/rust-lang/crates.io-index)",
]

[[package]]
name = "gobject-sys"
version = "0.3.2"
source = "git+https://github.com/gtk-rs/sys#9e646efc356e3895576dad548c505ee9b37323a1"
dependencies = [
 "bitflags 0.4.0 (registry+https://github.com/rust-lang/crates.io-index)",
 "glib-sys 0.3.2 (git+https://github.com/gtk-rs/sys)",
 "libc 0.2.20 (registry+https://github.com/rust-lang/crates.io-index)",
 "pkg-config 0.3.9 (registry+https://github.com/rust-lang/crates.io-index)",
]

[[package]]
name = "libc"
version = "0.2.20"
source = "registry+https://github.com/rust-lang/crates.io-index"

[[package]]
name = "nom"
version = "2.1.0"
source = "git+https://github.com/federicomenaquintero/nom.git#c5733d4779f513a3eb7f39c09de1c2155da4d6e2"

[[package]]
name = "pkg-config"
version = "0.3.9"
source = "registry+https://github.com/rust-lang/crates.io-index"

[[package]]
name = "winapi"
version = "0.2.8"
source = "registry+https://github.com/rust-lang/crates.io-index"

[metadata]
"checksum bitflags 0.4.0 (registry+https://github.com/rust-lang/crates.io-index)" = "8dead7461c1127cf637931a1e50934eb6eee8bff2f74433ac7909e9afcee04a3"
"checksum bitflags 0.5.0 (registry+https://github.com/rust-lang/crates.io-index)" = "4f67931368edf3a9a51d29886d245f1c3db2f1ef0dcc9e35ff70341b78c10d23"
"checksum bitflags 0.7.0 (registry+https://github.com/rust-lang/crates.io-index)" = "aad18937a628ec6abcd26d1489012cc0e18c21798210f491af69ded9b881106d"
"checksum c_vec 1.2.0 (registry+https://github.com/rust-lang/crates.io-index)" = "0059f5a658f62a4bd3937a7addc52ccfda144b75cce7a92b187e528629cdc507"
"checksum cairo-rs 0.1.1 (git+https://github.com/gtk-rs/cairo.git)" = "<none>"
"checksum cairo-sys-rs 0.3.2 (git+https://github.com/gtk-rs/cairo.git)" = "<none>"
"checksum downcast-rs 1.0.0 (git+https://github.com/marcianx/downcast-rs)" = "<none>"
"checksum glib 0.1.1 (git+https://github.com/gtk-rs/glib)" = "<none>"
"checksum glib-sys 0.3.2 (git+https://github.com/gtk-rs/sys)" = "<none>"
"checksum gobject-sys 0.3.2 (git+https://github.com/gtk-rs/sys)" = "<none>"
"checksum libc 0.2.20 (registry+https://github.com/rust-lang/crates.io-index)" = "684f330624d8c3784fb9558ca46c4ce488073a8d22450415c5eb4f4cfb0d11b5"
"checksum nom 2.1.0 (git+https://github.com/federicomenaquintero/nom.git)" = "<none>"
"checksum pkg-config 0.3.9 (registry+https://github.com/rust-lang/crates.io-index)" = "3a8b4c6b8165cd1a1cd4b9b120978131389f64bdaf456435caa41e630edba903"
"checksum winapi 0.2.8 (registry+https://github.com/rust-lang/crates.io-index)" = "167dc9d6949a9b857f3451275e911c3f44255842c1f7a76f33c55103a909087a"
